
Microsoft Visual Studio Solution File, Format Version 12.00
Project("{FAE04EC0-301F-11D3-BF4B-00C04F79EFBC}") = "OzonMarketStorage.Domain", "OzonMarketStorage.Domain\OzonMarketStorage.Domain.csproj", "{5EC51791-BA35-4014-BB64-1B99AD42E295}"
EndProject
Project("{FAE04EC0-301F-11D3-BF4B-00C04F79EFBC}") = "OzonMarketStorage.Application", "OzonMarketStorage.Application\OzonMarketStorage.Application.csproj", "{1B2AAAC4-307C-4F91-9EF6-633B9C5E5672}"
EndProject
Project("{FAE04EC0-301F-11D3-BF4B-00C04F79EFBC}") = "OzonMarketStorage.Tests", "OzonMarketStorage.Tests\OzonMarketStorage.Tests.csproj", "{2C292436-93F9-451E-AB27-16DFB0FAD806}"
EndProject
Project("{FAE04EC0-301F-11D3-BF4B-00C04F79EFBC}") = "OzonMarketStorage.Infrastructure", "OzonMarketStorage.Infrastructure\OzonMarketStorage.Infrastructure.csproj", "{3D7E171F-394D-409B-9FB3-01304F2C4DCA}"
EndProject
Project("{FAE04EC0-301F-11D3-BF4B-00C04F79EFBC}") = "OzonMarketStorage.Api", "OzonMarketStorage.Api\OzonMarketStorage.Api.csproj", "{8E2904CA-406F-4AFB-951A-87B9D864B679}"
EndProject
Project("{2150E333-8FDC-42A3-9474-1A3956D46DE8}") = "Core", "Core", "{192BC37E-394B-4E09-A3A1-2D6BE2E34057}"
EndProject
Project("{FAE04EC0-301F-11D3-BF4B-00C04F79EFBC}") = "Core.Common", "..\Core\Core.Common\Core.Common.csproj", "{5CF5F619-2EED-42C7-846D-48BB9F19B026}"
EndProject
Global
	GlobalSection(SolutionConfigurationPlatforms) = preSolution
		Debug|Any CPU = Debug|Any CPU
		Release|Any CPU = Release|Any CPU
	EndGlobalSection
	GlobalSection(ProjectConfigurationPlatforms) = postSolution
		{5EC51791-BA35-4014-BB64-1B99AD42E295}.Debug|Any CPU.ActiveCfg = Debug|Any CPU
		{5EC51791-BA35-4014-BB64-1B99AD42E295}.Debug|Any CPU.Build.0 = Debug|Any CPU
		{5EC51791-BA35-4014-BB64-1B99AD42E295}.Release|Any CPU.ActiveCfg = Release|Any CPU
		{5EC51791-BA35-4014-BB64-1B99AD42E295}.Release|Any CPU.Build.0 = Release|Any CPU
		{1B2AAAC4-307C-4F91-9EF6-633B9C5E5672}.Debug|Any CPU.ActiveCfg = Debug|Any CPU
		{1B2AAAC4-307C-4F91-9EF6-633B9C5E5672}.Debug|Any CPU.Build.0 = Debug|Any CPU
		{1B2AAAC4-307C-4F91-9EF6-633B9C5E5672}.Release|Any CPU.ActiveCfg = Release|Any CPU
		{1B2AAAC4-307C-4F91-9EF6-633B9C5E5672}.Release|Any CPU.Build.0 = Release|Any CPU
		{2C292436-93F9-451E-AB27-16DFB0FAD806}.Debug|Any CPU.ActiveCfg = Debug|Any CPU
		{2C292436-93F9-451E-AB27-16DFB0FAD806}.Debug|Any CPU.Build.0 = Debug|Any CPU
		{2C292436-93F9-451E-AB27-16DFB0FAD806}.Release|Any CPU.ActiveCfg = Release|Any CPU
		{2C292436-93F9-451E-AB27-16DFB0FAD806}.Release|Any CPU.Build.0 = Release|Any CPU
		{3D7E171F-394D-409B-9FB3-01304F2C4DCA}.Debug|Any CPU.ActiveCfg = Debug|Any CPU
		{3D7E171F-394D-409B-9FB3-01304F2C4DCA}.Debug|Any CPU.Build.0 = Debug|Any CPU
		{3D7E171F-394D-409B-9FB3-01304F2C4DCA}.Release|Any CPU.ActiveCfg = Release|Any CPU
		{3D7E171F-394D-409B-9FB3-01304F2C4DCA}.Release|Any CPU.Build.0 = Release|Any CPU
		{8E2904CA-406F-4AFB-951A-87B9D864B679}.Debug|Any CPU.ActiveCfg = Debug|Any CPU
		{8E2904CA-406F-4AFB-951A-87B9D864B679}.Debug|Any CPU.Build.0 = Debug|Any CPU
		{8E2904CA-406F-4AFB-951A-87B9D864B679}.Release|Any CPU.ActiveCfg = Release|Any CPU
		{8E2904CA-406F-4AFB-951A-87B9D864B679}.Release|Any CPU.Build.0 = Release|Any CPU
		{5CF5F619-2EED-42C7-846D-48BB9F19B026}.Debug|Any CPU.ActiveCfg = Debug|Any CPU
		{5CF5F619-2EED-42C7-846D-48BB9F19B026}.Debug|Any CPU.Build.0 = Debug|Any CPU
		{5CF5F619-2EED-42C7-846D-48BB9F19B026}.Release|Any CPU.ActiveCfg = Release|Any CPU
		{5CF5F619-2EED-42C7-846D-48BB9F19B026}.Release|Any CPU.Build.0 = Release|Any CPU
	EndGlobalSection
	GlobalSection(NestedProjects) = preSolution
		{5CF5F619-2EED-42C7-846D-48BB9F19B026} = {192BC37E-394B-4E09-A3A1-2D6BE2E34057}
	EndGlobalSection
EndGlobal
